// !$*UTF8*$!
{
	archiveVersion = 1;
	classes = {
	};
	objectVersion = 55;
	objects = {

/* Begin PBXBuildFile section */
		E987D0F4274D4A2900249FF1 /* AppDelegate.swift in Sources */ = {isa = PBXBuildFile; fileRef = E987D0F3274D4A2900249FF1 /* AppDelegate.swift */; };
		E987D0F6274D4A2900249FF1 /* SceneDelegate.swift in Sources */ = {isa = PBXBuildFile; fileRef = E987D0F5274D4A2900249FF1 /* SceneDelegate.swift */; };
		E987D0F8274D4A2900249FF1 /* ListViewController.swift in Sources */ = {isa = PBXBuildFile; fileRef = E987D0F7274D4A2900249FF1 /* ListViewController.swift */; };
		E987D0FB274D4A2900249FF1 /* Main.storyboard in Resources */ = {isa = PBXBuildFile; fileRef = E987D0F9274D4A2900249FF1 /* Main.storyboard */; };
		E987D0FD274D4A2A00249FF1 /* Assets.xcassets in Resources */ = {isa = PBXBuildFile; fileRef = E987D0FC274D4A2A00249FF1 /* Assets.xcassets */; };
		E987D100274D4A2A00249FF1 /* LaunchScreen.storyboard in Resources */ = {isa = PBXBuildFile; fileRef = E987D0FE274D4A2A00249FF1 /* LaunchScreen.storyboard */; };
		E987D10B274D4A2A00249FF1 /* Bringmyownbeer_JHStyleTests.swift in Sources */ = {isa = PBXBuildFile; fileRef = E987D10A274D4A2A00249FF1 /* Bringmyownbeer_JHStyleTests.swift */; };
		E987D115274D4A2A00249FF1 /* Bringmyownbeer_JHStyleUITests.swift in Sources */ = {isa = PBXBuildFile; fileRef = E987D114274D4A2A00249FF1 /* Bringmyownbeer_JHStyleUITests.swift */; };
		E987D117274D4A2A00249FF1 /* Bringmyownbeer_JHStyleUITestsLaunchTests.swift in Sources */ = {isa = PBXBuildFile; fileRef = E987D116274D4A2A00249FF1 /* Bringmyownbeer_JHStyleUITestsLaunchTests.swift */; };
		E987D127274D4D5600249FF1 /* DetailViewController.swift in Sources */ = {isa = PBXBuildFile; fileRef = E987D126274D4D5600249FF1 /* DetailViewController.swift */; };
		E987D129274D4D6E00249FF1 /* BaseViewController.swift in Sources */ = {isa = PBXBuildFile; fileRef = E987D128274D4D6E00249FF1 /* BaseViewController.swift */; };
		E987D12D274E7E0A00249FF1 /* ViewControllerFromStoryBoard.swift in Sources */ = {isa = PBXBuildFile; fileRef = E987D12C274E7E0A00249FF1 /* ViewControllerFromStoryBoard.swift */; };
		E987D12F274E80C500249FF1 /* String+Extension.swift in Sources */ = {isa = PBXBuildFile; fileRef = E987D12E274E80C500249FF1 /* String+Extension.swift */; };
		E987D131274E813200249FF1 /* CellIdentifierable.swift in Sources */ = {isa = PBXBuildFile; fileRef = E987D130274E813200249FF1 /* CellIdentifierable.swift */; };
		E987D133274E816100249FF1 /* BeerListCell.swift in Sources */ = {isa = PBXBuildFile; fileRef = E987D132274E816100249FF1 /* BeerListCell.swift */; };
		E987D135274E880D00249FF1 /* NetworkManager.swift in Sources */ = {isa = PBXBuildFile; fileRef = E987D134274E880D00249FF1 /* NetworkManager.swift */; };
		E987D138274E8E6E00249FF1 /* API.swift in Sources */ = {isa = PBXBuildFile; fileRef = E987D137274E8E6E00249FF1 /* API.swift */; };
		E987D13E274FC4A300249FF1 /* Beer.swift in Sources */ = {isa = PBXBuildFile; fileRef = E987D13D274FC4A300249FF1 /* Beer.swift */; };
		E987D141274FC5F000249FF1 /* BeerMethod.swift in Sources */ = {isa = PBXBuildFile; fileRef = E987D140274FC5F000249FF1 /* BeerMethod.swift */; };
		E987D143274FC60600249FF1 /* Ingredients.swift in Sources */ = {isa = PBXBuildFile; fileRef = E987D142274FC60600249FF1 /* Ingredients.swift */; };
		E987D145274FC7E700249FF1 /* APIError.swift in Sources */ = {isa = PBXBuildFile; fileRef = E987D144274FC7E700249FF1 /* APIError.swift */; };
		E987D147274FD61900249FF1 /* URLComponents+Extension.swift in Sources */ = {isa = PBXBuildFile; fileRef = E987D146274FD61900249FF1 /* URLComponents+Extension.swift */; };
		E987D14B27510F7100249FF1 /* UIView+Extension.swift in Sources */ = {isa = PBXBuildFile; fileRef = E987D14A27510F7100249FF1 /* UIView+Extension.swift */; };
		E987D14D2751250900249FF1 /* UIViewController+Extension.swift in Sources */ = {isa = PBXBuildFile; fileRef = E987D14C2751250900249FF1 /* UIViewController+Extension.swift */; };
		E987D15027513EA800249FF1 /* BeerViewModel.swift in Sources */ = {isa = PBXBuildFile; fileRef = E987D14F27513EA800249FF1 /* BeerViewModel.swift */; };
		E987D1532751C9C200249FF1 /* BeerListViewModel.swift in Sources */ = {isa = PBXBuildFile; fileRef = E987D1522751C9C200249FF1 /* BeerListViewModel.swift */; };
/* End PBXBuildFile section */

/* Begin PBXContainerItemProxy section */
		E987D107274D4A2A00249FF1 /* PBXContainerItemProxy */ = {
			isa = PBXContainerItemProxy;
			containerPortal = E987D0E8274D4A2900249FF1 /* Project object */;
			proxyType = 1;
			remoteGlobalIDString = E987D0EF274D4A2900249FF1;
			remoteInfo = "Bringmyownbeer-JHStyle";
		};
		E987D111274D4A2A00249FF1 /* PBXContainerItemProxy */ = {
			isa = PBXContainerItemProxy;
			containerPortal = E987D0E8274D4A2900249FF1 /* Project object */;
			proxyType = 1;
			remoteGlobalIDString = E987D0EF274D4A2900249FF1;
			remoteInfo = "Bringmyownbeer-JHStyle";
		};
/* End PBXContainerItemProxy section */

/* Begin PBXFileReference section */
		E987D0F0274D4A2900249FF1 /* Bringmyownbeer-JHStyle.app */ = {isa = PBXFileReference; explicitFileType = wrapper.application; includeInIndex = 0; path = "Bringmyownbeer-JHStyle.app"; sourceTree = BUILT_PRODUCTS_DIR; };
		E987D0F3274D4A2900249FF1 /* AppDelegate.swift */ = {isa = PBXFileReference; lastKnownFileType = sourcecode.swift; path = AppDelegate.swift; sourceTree = "<group>"; };
		E987D0F5274D4A2900249FF1 /* SceneDelegate.swift */ = {isa = PBXFileReference; lastKnownFileType = sourcecode.swift; path = SceneDelegate.swift; sourceTree = "<group>"; };
		E987D0F7274D4A2900249FF1 /* ListViewController.swift */ = {isa = PBXFileReference; lastKnownFileType = sourcecode.swift; path = ListViewController.swift; sourceTree = "<group>"; };
		E987D0FA274D4A2900249FF1 /* Base */ = {isa = PBXFileReference; lastKnownFileType = file.storyboard; name = Base; path = Base.lproj/Main.storyboard; sourceTree = "<group>"; };
		E987D0FC274D4A2A00249FF1 /* Assets.xcassets */ = {isa = PBXFileReference; lastKnownFileType = folder.assetcatalog; path = Assets.xcassets; sourceTree = "<group>"; };
		E987D0FF274D4A2A00249FF1 /* Base */ = {isa = PBXFileReference; lastKnownFileType = file.storyboard; name = Base; path = Base.lproj/LaunchScreen.storyboard; sourceTree = "<group>"; };
		E987D101274D4A2A00249FF1 /* Info.plist */ = {isa = PBXFileReference; lastKnownFileType = text.plist.xml; path = Info.plist; sourceTree = "<group>"; };
		E987D106274D4A2A00249FF1 /* Bringmyownbeer-JHStyleTests.xctest */ = {isa = PBXFileReference; explicitFileType = wrapper.cfbundle; includeInIndex = 0; path = "Bringmyownbeer-JHStyleTests.xctest"; sourceTree = BUILT_PRODUCTS_DIR; };
		E987D10A274D4A2A00249FF1 /* Bringmyownbeer_JHStyleTests.swift */ = {isa = PBXFileReference; lastKnownFileType = sourcecode.swift; path = Bringmyownbeer_JHStyleTests.swift; sourceTree = "<group>"; };
		E987D110274D4A2A00249FF1 /* Bringmyownbeer-JHStyleUITests.xctest */ = {isa = PBXFileReference; explicitFileType = wrapper.cfbundle; includeInIndex = 0; path = "Bringmyownbeer-JHStyleUITests.xctest"; sourceTree = BUILT_PRODUCTS_DIR; };
		E987D114274D4A2A00249FF1 /* Bringmyownbeer_JHStyleUITests.swift */ = {isa = PBXFileReference; lastKnownFileType = sourcecode.swift; path = Bringmyownbeer_JHStyleUITests.swift; sourceTree = "<group>"; };
		E987D116274D4A2A00249FF1 /* Bringmyownbeer_JHStyleUITestsLaunchTests.swift */ = {isa = PBXFileReference; lastKnownFileType = sourcecode.swift; path = Bringmyownbeer_JHStyleUITestsLaunchTests.swift; sourceTree = "<group>"; };
		E987D126274D4D5600249FF1 /* DetailViewController.swift */ = {isa = PBXFileReference; lastKnownFileType = sourcecode.swift; path = DetailViewController.swift; sourceTree = "<group>"; };
		E987D128274D4D6E00249FF1 /* BaseViewController.swift */ = {isa = PBXFileReference; lastKnownFileType = sourcecode.swift; path = BaseViewController.swift; sourceTree = "<group>"; };
		E987D12C274E7E0A00249FF1 /* ViewControllerFromStoryBoard.swift */ = {isa = PBXFileReference; lastKnownFileType = sourcecode.swift; path = ViewControllerFromStoryBoard.swift; sourceTree = "<group>"; };
		E987D12E274E80C500249FF1 /* String+Extension.swift */ = {isa = PBXFileReference; lastKnownFileType = sourcecode.swift; path = "String+Extension.swift"; sourceTree = "<group>"; };
		E987D130274E813200249FF1 /* CellIdentifierable.swift */ = {isa = PBXFileReference; lastKnownFileType = sourcecode.swift; path = CellIdentifierable.swift; sourceTree = "<group>"; };
		E987D132274E816100249FF1 /* BeerListCell.swift */ = {isa = PBXFileReference; lastKnownFileType = sourcecode.swift; path = BeerListCell.swift; sourceTree = "<group>"; };
		E987D134274E880D00249FF1 /* NetworkManager.swift */ = {isa = PBXFileReference; lastKnownFileType = sourcecode.swift; path = NetworkManager.swift; sourceTree = "<group>"; };
		E987D137274E8E6E00249FF1 /* API.swift */ = {isa = PBXFileReference; lastKnownFileType = sourcecode.swift; path = API.swift; sourceTree = "<group>"; };
		E987D13D274FC4A300249FF1 /* Beer.swift */ = {isa = PBXFileReference; lastKnownFileType = sourcecode.swift; path = Beer.swift; sourceTree = "<group>"; };
		E987D140274FC5F000249FF1 /* BeerMethod.swift */ = {isa = PBXFileReference; lastKnownFileType = sourcecode.swift; path = BeerMethod.swift; sourceTree = "<group>"; };
		E987D142274FC60600249FF1 /* Ingredients.swift */ = {isa = PBXFileReference; lastKnownFileType = sourcecode.swift; path = Ingredients.swift; sourceTree = "<group>"; };
		E987D144274FC7E700249FF1 /* APIError.swift */ = {isa = PBXFileReference; lastKnownFileType = sourcecode.swift; path = APIError.swift; sourceTree = "<group>"; };
		E987D146274FD61900249FF1 /* URLComponents+Extension.swift */ = {isa = PBXFileReference; lastKnownFileType = sourcecode.swift; path = "URLComponents+Extension.swift"; sourceTree = "<group>"; };
		E987D14A27510F7100249FF1 /* UIView+Extension.swift */ = {isa = PBXFileReference; lastKnownFileType = sourcecode.swift; path = "UIView+Extension.swift"; sourceTree = "<group>"; };
		E987D14C2751250900249FF1 /* UIViewController+Extension.swift */ = {isa = PBXFileReference; lastKnownFileType = sourcecode.swift; path = "UIViewController+Extension.swift"; sourceTree = "<group>"; };
		E987D14F27513EA800249FF1 /* BeerViewModel.swift */ = {isa = PBXFileReference; lastKnownFileType = sourcecode.swift; path = BeerViewModel.swift; sourceTree = "<group>"; };
		E987D1522751C9C200249FF1 /* BeerListViewModel.swift */ = {isa = PBXFileReference; lastKnownFileType = sourcecode.swift; path = BeerListViewModel.swift; sourceTree = "<group>"; };
/* End PBXFileReference section */

/* Begin PBXFrameworksBuildPhase section */
		E987D0ED274D4A2900249FF1 /* Frameworks */ = {
			isa = PBXFrameworksBuildPhase;
			buildActionMask = 2147483647;
			files = (
			);
			runOnlyForDeploymentPostprocessing = 0;
		};
		E987D103274D4A2A00249FF1 /* Frameworks */ = {
			isa = PBXFrameworksBuildPhase;
			buildActionMask = 2147483647;
			files = (
			);
			runOnlyForDeploymentPostprocessing = 0;
		};
		E987D10D274D4A2A00249FF1 /* Frameworks */ = {
			isa = PBXFrameworksBuildPhase;
			buildActionMask = 2147483647;
			files = (
			);
			runOnlyForDeploymentPostprocessing = 0;
		};
/* End PBXFrameworksBuildPhase section */

/* Begin PBXGroup section */
		E987D0E7274D4A2900249FF1 = {
			isa = PBXGroup;
			children = (
				E987D0F2274D4A2900249FF1 /* Bringmyownbeer-JHStyle */,
				E987D109274D4A2A00249FF1 /* Bringmyownbeer-JHStyleTests */,
				E987D113274D4A2A00249FF1 /* Bringmyownbeer-JHStyleUITests */,
				E987D0F1274D4A2900249FF1 /* Products */,
			);
			sourceTree = "<group>";
		};
		E987D0F1274D4A2900249FF1 /* Products */ = {
			isa = PBXGroup;
			children = (
				E987D0F0274D4A2900249FF1 /* Bringmyownbeer-JHStyle.app */,
				E987D106274D4A2A00249FF1 /* Bringmyownbeer-JHStyleTests.xctest */,
				E987D110274D4A2A00249FF1 /* Bringmyownbeer-JHStyleUITests.xctest */,
			);
			name = Products;
			sourceTree = "<group>";
		};
		E987D0F2274D4A2900249FF1 /* Bringmyownbeer-JHStyle */ = {
			isa = PBXGroup;
			children = (
				E987D123274D4A3500249FF1 /* Common */,
				E987D136274E8E5F00249FF1 /* Network */,
				E987D124274D4A3B00249FF1 /* ViewController */,
				E987D14E27513E9E00249FF1 /* ViewModel */,
				E987D125274D4A4300249FF1 /* Utils */,
				E987D0F3274D4A2900249FF1 /* AppDelegate.swift */,
				E987D0F5274D4A2900249FF1 /* SceneDelegate.swift */,
				E987D14827510F1000249FF1 /* Supporting Files */,
				E987D0FC274D4A2A00249FF1 /* Assets.xcassets */,
				E987D0FE274D4A2A00249FF1 /* LaunchScreen.storyboard */,
			);
			path = "Bringmyownbeer-JHStyle";
			sourceTree = "<group>";
		};
		E987D109274D4A2A00249FF1 /* Bringmyownbeer-JHStyleTests */ = {
			isa = PBXGroup;
			children = (
				E987D10A274D4A2A00249FF1 /* Bringmyownbeer_JHStyleTests.swift */,
			);
			path = "Bringmyownbeer-JHStyleTests";
			sourceTree = "<group>";
		};
		E987D113274D4A2A00249FF1 /* Bringmyownbeer-JHStyleUITests */ = {
			isa = PBXGroup;
			children = (
				E987D114274D4A2A00249FF1 /* Bringmyownbeer_JHStyleUITests.swift */,
				E987D116274D4A2A00249FF1 /* Bringmyownbeer_JHStyleUITestsLaunchTests.swift */,
			);
			path = "Bringmyownbeer-JHStyleUITests";
			sourceTree = "<group>";
		};
		E987D123274D4A3500249FF1 /* Common */ = {
			isa = PBXGroup;
			children = (
				E987D12C274E7E0A00249FF1 /* ViewControllerFromStoryBoard.swift */,
				E987D130274E813200249FF1 /* CellIdentifierable.swift */,
			);
			path = Common;
			sourceTree = "<group>";
		};
		E987D124274D4A3B00249FF1 /* ViewController */ = {
			isa = PBXGroup;
			children = (
				E987D128274D4D6E00249FF1 /* BaseViewController.swift */,
				E987D0F7274D4A2900249FF1 /* ListViewController.swift */,
				E987D126274D4D5600249FF1 /* DetailViewController.swift */,
				E987D0F9274D4A2900249FF1 /* Main.storyboard */,
				E987D132274E816100249FF1 /* BeerListCell.swift */,
			);
			path = ViewController;
			sourceTree = "<group>";
		};
		E987D125274D4A4300249FF1 /* Utils */ = {
			isa = PBXGroup;
			children = (
				E987D14927510F6200249FF1 /* Extensions */,
			);
			path = Utils;
			sourceTree = "<group>";
		};
		E987D136274E8E5F00249FF1 /* Network */ = {
			isa = PBXGroup;
			children = (
				E987D13F274FC5C600249FF1 /* Entity */,
				E987D134274E880D00249FF1 /* NetworkManager.swift */,
				E987D137274E8E6E00249FF1 /* API.swift */,
				E987D144274FC7E700249FF1 /* APIError.swift */,
			);
			path = Network;
			sourceTree = "<group>";
		};
		E987D13F274FC5C600249FF1 /* Entity */ = {
			isa = PBXGroup;
			children = (
				E987D13D274FC4A300249FF1 /* Beer.swift */,
				E987D140274FC5F000249FF1 /* BeerMethod.swift */,
				E987D142274FC60600249FF1 /* Ingredients.swift */,
			);
			path = Entity;
			sourceTree = "<group>";
		};
		E987D14827510F1000249FF1 /* Supporting Files */ = {
			isa = PBXGroup;
			children = (
				E987D101274D4A2A00249FF1 /* Info.plist */,
			);
			path = "Supporting Files";
			sourceTree = "<group>";
		};
		E987D14927510F6200249FF1 /* Extensions */ = {
			isa = PBXGroup;
			children = (
				E987D12E274E80C500249FF1 /* String+Extension.swift */,
				E987D146274FD61900249FF1 /* URLComponents+Extension.swift */,
				E987D14A27510F7100249FF1 /* UIView+Extension.swift */,
				E987D14C2751250900249FF1 /* UIViewController+Extension.swift */,
			);
			path = Extensions;
			sourceTree = "<group>";
		};
		E987D14E27513E9E00249FF1 /* ViewModel */ = {
			isa = PBXGroup;
			children = (
				E987D14F27513EA800249FF1 /* BeerViewModel.swift */,
				E987D1522751C9C200249FF1 /* BeerListViewModel.swift */,
			);
			path = ViewModel;
			sourceTree = "<group>";
		};
/* End PBXGroup section */

/* Begin PBXNativeTarget section */
		E987D0EF274D4A2900249FF1 /* Bringmyownbeer-JHStyle */ = {
			isa = PBXNativeTarget;
			buildConfigurationList = E987D11A274D4A2A00249FF1 /* Build configuration list for PBXNativeTarget "Bringmyownbeer-JHStyle" */;
			buildPhases = (
				E987D0EC274D4A2900249FF1 /* Sources */,
				E987D0ED274D4A2900249FF1 /* Frameworks */,
				E987D0EE274D4A2900249FF1 /* Resources */,
			);
			buildRules = (
			);
			dependencies = (
			);
			name = "Bringmyownbeer-JHStyle";
			productName = "Bringmyownbeer-JHStyle";
			productReference = E987D0F0274D4A2900249FF1 /* Bringmyownbeer-JHStyle.app */;
			productType = "com.apple.product-type.application";
		};
		E987D105274D4A2A00249FF1 /* Bringmyownbeer-JHStyleTests */ = {
			isa = PBXNativeTarget;
			buildConfigurationList = E987D11D274D4A2A00249FF1 /* Build configuration list for PBXNativeTarget "Bringmyownbeer-JHStyleTests" */;
			buildPhases = (
				E987D102274D4A2A00249FF1 /* Sources */,
				E987D103274D4A2A00249FF1 /* Frameworks */,
				E987D104274D4A2A00249FF1 /* Resources */,
			);
			buildRules = (
			);
			dependencies = (
				E987D108274D4A2A00249FF1 /* PBXTargetDependency */,
			);
			name = "Bringmyownbeer-JHStyleTests";
			productName = "Bringmyownbeer-JHStyleTests";
			productReference = E987D106274D4A2A00249FF1 /* Bringmyownbeer-JHStyleTests.xctest */;
			productType = "com.apple.product-type.bundle.unit-test";
		};
		E987D10F274D4A2A00249FF1 /* Bringmyownbeer-JHStyleUITests */ = {
			isa = PBXNativeTarget;
			buildConfigurationList = E987D120274D4A2A00249FF1 /* Build configuration list for PBXNativeTarget "Bringmyownbeer-JHStyleUITests" */;
			buildPhases = (
				E987D10C274D4A2A00249FF1 /* Sources */,
				E987D10D274D4A2A00249FF1 /* Frameworks */,
				E987D10E274D4A2A00249FF1 /* Resources */,
			);
			buildRules = (
			);
			dependencies = (
				E987D112274D4A2A00249FF1 /* PBXTargetDependency */,
			);
			name = "Bringmyownbeer-JHStyleUITests";
			productName = "Bringmyownbeer-JHStyleUITests";
			productReference = E987D110274D4A2A00249FF1 /* Bringmyownbeer-JHStyleUITests.xctest */;
			productType = "com.apple.product-type.bundle.ui-testing";
		};
/* End PBXNativeTarget section */

/* Begin PBXProject section */
		E987D0E8274D4A2900249FF1 /* Project object */ = {
			isa = PBXProject;
			attributes = {
				BuildIndependentTargetsInParallel = 1;
				LastSwiftUpdateCheck = 1310;
				LastUpgradeCheck = 1310;
				TargetAttributes = {
					E987D0EF274D4A2900249FF1 = {
						CreatedOnToolsVersion = 13.1;
					};
					E987D105274D4A2A00249FF1 = {
						CreatedOnToolsVersion = 13.1;
						TestTargetID = E987D0EF274D4A2900249FF1;
					};
					E987D10F274D4A2A00249FF1 = {
						CreatedOnToolsVersion = 13.1;
						TestTargetID = E987D0EF274D4A2900249FF1;
					};
				};
			};
			buildConfigurationList = E987D0EB274D4A2900249FF1 /* Build configuration list for PBXProject "Bringmyownbeer-JHStyle" */;
			compatibilityVersion = "Xcode 13.0";
			developmentRegion = en;
			hasScannedForEncodings = 0;
			knownRegions = (
				en,
				Base,
			);
			mainGroup = E987D0E7274D4A2900249FF1;
			productRefGroup = E987D0F1274D4A2900249FF1 /* Products */;
			projectDirPath = "";
			projectRoot = "";
			targets = (
				E987D0EF274D4A2900249FF1 /* Bringmyownbeer-JHStyle */,
				E987D105274D4A2A00249FF1 /* Bringmyownbeer-JHStyleTests */,
				E987D10F274D4A2A00249FF1 /* Bringmyownbeer-JHStyleUITests */,
			);
		};
/* End PBXProject section */

/* Begin PBXResourcesBuildPhase section */
		E987D0EE274D4A2900249FF1 /* Resources */ = {
			isa = PBXResourcesBuildPhase;
			buildActionMask = 2147483647;
			files = (
				E987D100274D4A2A00249FF1 /* LaunchScreen.storyboard in Resources */,
				E987D0FD274D4A2A00249FF1 /* Assets.xcassets in Resources */,
				E987D0FB274D4A2900249FF1 /* Main.storyboard in Resources */,
			);
			runOnlyForDeploymentPostprocessing = 0;
		};
		E987D104274D4A2A00249FF1 /* Resources */ = {
			isa = PBXResourcesBuildPhase;
			buildActionMask = 2147483647;
			files = (
			);
			runOnlyForDeploymentPostprocessing = 0;
		};
		E987D10E274D4A2A00249FF1 /* Resources */ = {
			isa = PBXResourcesBuildPhase;
			buildActionMask = 2147483647;
			files = (
			);
			runOnlyForDeploymentPostprocessing = 0;
		};
/* End PBXResourcesBuildPhase section */

/* Begin PBXSourcesBuildPhase section */
		E987D0EC274D4A2900249FF1 /* Sources */ = {
			isa = PBXSourcesBuildPhase;
			buildActionMask = 2147483647;
			files = (
				E987D14D2751250900249FF1 /* UIViewController+Extension.swift in Sources */,
				E987D143274FC60600249FF1 /* Ingredients.swift in Sources */,
				E987D138274E8E6E00249FF1 /* API.swift in Sources */,
				E987D129274D4D6E00249FF1 /* BaseViewController.swift in Sources */,
				E987D1532751C9C200249FF1 /* BeerListViewModel.swift in Sources */,
				E987D15027513EA800249FF1 /* BeerViewModel.swift in Sources */,
				E987D12F274E80C500249FF1 /* String+Extension.swift in Sources */,
				E987D145274FC7E700249FF1 /* APIError.swift in Sources */,
				E987D135274E880D00249FF1 /* NetworkManager.swift in Sources */,
				E987D131274E813200249FF1 /* CellIdentifierable.swift in Sources */,
				E987D14B27510F7100249FF1 /* UIView+Extension.swift in Sources */,
				E987D141274FC5F000249FF1 /* BeerMethod.swift in Sources */,
				E987D12D274E7E0A00249FF1 /* ViewControllerFromStoryBoard.swift in Sources */,
				E987D147274FD61900249FF1 /* URLComponents+Extension.swift in Sources */,
				E987D0F8274D4A2900249FF1 /* ListViewController.swift in Sources */,
				E987D13E274FC4A300249FF1 /* Beer.swift in Sources */,
				E987D133274E816100249FF1 /* BeerListCell.swift in Sources */,
				E987D0F4274D4A2900249FF1 /* AppDelegate.swift in Sources */,
				E987D0F6274D4A2900249FF1 /* SceneDelegate.swift in Sources */,
				E987D127274D4D5600249FF1 /* DetailViewController.swift in Sources */,
			);
			runOnlyForDeploymentPostprocessing = 0;
		};
		E987D102274D4A2A00249FF1 /* Sources */ = {
			isa = PBXSourcesBuildPhase;
			buildActionMask = 2147483647;
			files = (
				E987D10B274D4A2A00249FF1 /* Bringmyownbeer_JHStyleTests.swift in Sources */,
			);
			runOnlyForDeploymentPostprocessing = 0;
		};
		E987D10C274D4A2A00249FF1 /* Sources */ = {
			isa = PBXSourcesBuildPhase;
			buildActionMask = 2147483647;
			files = (
				E987D117274D4A2A00249FF1 /* Bringmyownbeer_JHStyleUITestsLaunchTests.swift in Sources */,
				E987D115274D4A2A00249FF1 /* Bringmyownbeer_JHStyleUITests.swift in Sources */,
			);
			runOnlyForDeploymentPostprocessing = 0;
		};
/* End PBXSourcesBuildPhase section */

/* Begin PBXTargetDependency section */
		E987D108274D4A2A00249FF1 /* PBXTargetDependency */ = {
			isa = PBXTargetDependency;
			target = E987D0EF274D4A2900249FF1 /* Bringmyownbeer-JHStyle */;
			targetProxy = E987D107274D4A2A00249FF1 /* PBXContainerItemProxy */;
		};
		E987D112274D4A2A00249FF1 /* PBXTargetDependency */ = {
			isa = PBXTargetDependency;
			target = E987D0EF274D4A2900249FF1 /* Bringmyownbeer-JHStyle */;
			targetProxy = E987D111274D4A2A00249FF1 /* PBXContainerItemProxy */;
		};
/* End PBXTargetDependency section */

/* Begin PBXVariantGroup section */
		E987D0F9274D4A2900249FF1 /* Main.storyboard */ = {
			isa = PBXVariantGroup;
			children = (
				E987D0FA274D4A2900249FF1 /* Base */,
			);
			name = Main.storyboard;
			sourceTree = "<group>";
		};
		E987D0FE274D4A2A00249FF1 /* LaunchScreen.storyboard */ = {
			isa = PBXVariantGroup;
			children = (
				E987D0FF274D4A2A00249FF1 /* Base */,
			);
			name = LaunchScreen.storyboard;
			sourceTree = "<group>";
		};
/* End PBXVariantGroup section */

/* Begin XCBuildConfiguration section */
		E987D118274D4A2A00249FF1 /* Debug */ = {
			isa = XCBuildConfiguration;
			buildSettings = {
				ALWAYS_SEARCH_USER_PATHS = NO;
				CLANG_ANALYZER_NONNULL = YES;
				CLANG_ANALYZER_NUMBER_OBJECT_CONVERSION = YES_AGGRESSIVE;
				CLANG_CXX_LANGUAGE_STANDARD = "gnu++17";
				CLANG_CXX_LIBRARY = "libc++";
				CLANG_ENABLE_MODULES = YES;
				CLANG_ENABLE_OBJC_ARC = YES;
				CLANG_ENABLE_OBJC_WEAK = YES;
				CLANG_WARN_BLOCK_CAPTURE_AUTORELEASING = YES;
				CLANG_WARN_BOOL_CONVERSION = YES;
				CLANG_WARN_COMMA = YES;
				CLANG_WARN_CONSTANT_CONVERSION = YES;
				CLANG_WARN_DEPRECATED_OBJC_IMPLEMENTATIONS = YES;
				CLANG_WARN_DIRECT_OBJC_ISA_USAGE = YES_ERROR;
				CLANG_WARN_DOCUMENTATION_COMMENTS = YES;
				CLANG_WARN_EMPTY_BODY = YES;
				CLANG_WARN_ENUM_CONVERSION = YES;
				CLANG_WARN_INFINITE_RECURSION = YES;
				CLANG_WARN_INT_CONVERSION = YES;
				CLANG_WARN_NON_LITERAL_NULL_CONVERSION = YES;
				CLANG_WARN_OBJC_IMPLICIT_RETAIN_SELF = YES;
				CLANG_WARN_OBJC_LITERAL_CONVERSION = YES;
				CLANG_WARN_OBJC_ROOT_CLASS = YES_ERROR;
				CLANG_WARN_QUOTED_INCLUDE_IN_FRAMEWORK_HEADER = YES;
				CLANG_WARN_RANGE_LOOP_ANALYSIS = YES;
				CLANG_WARN_STRICT_PROTOTYPES = YES;
				CLANG_WARN_SUSPICIOUS_MOVE = YES;
				CLANG_WARN_UNGUARDED_AVAILABILITY = YES_AGGRESSIVE;
				CLANG_WARN_UNREACHABLE_CODE = YES;
				CLANG_WARN__DUPLICATE_METHOD_MATCH = YES;
				COPY_PHASE_STRIP = NO;
				DEBUG_INFORMATION_FORMAT = dwarf;
				ENABLE_STRICT_OBJC_MSGSEND = YES;
				ENABLE_TESTABILITY = YES;
				GCC_C_LANGUAGE_STANDARD = gnu11;
				GCC_DYNAMIC_NO_PIC = NO;
				GCC_NO_COMMON_BLOCKS = YES;
				GCC_OPTIMIZATION_LEVEL = 0;
				GCC_PREPROCESSOR_DEFINITIONS = (
					"DEBUG=1",
					"$(inherited)",
				);
				GCC_WARN_64_TO_32_BIT_CONVERSION = YES;
				GCC_WARN_ABOUT_RETURN_TYPE = YES_ERROR;
				GCC_WARN_UNDECLARED_SELECTOR = YES;
				GCC_WARN_UNINITIALIZED_AUTOS = YES_AGGRESSIVE;
				GCC_WARN_UNUSED_FUNCTION = YES;
				GCC_WARN_UNUSED_VARIABLE = YES;
				IPHONEOS_DEPLOYMENT_TARGET = 15.0;
				MTL_ENABLE_DEBUG_INFO = INCLUDE_SOURCE;
				MTL_FAST_MATH = YES;
				ONLY_ACTIVE_ARCH = YES;
				SDKROOT = iphoneos;
				SWIFT_ACTIVE_COMPILATION_CONDITIONS = DEBUG;
				SWIFT_OPTIMIZATION_LEVEL = "-Onone";
			};
			name = Debug;
		};
		E987D119274D4A2A00249FF1 /* Release */ = {
			isa = XCBuildConfiguration;
			buildSettings = {
				ALWAYS_SEARCH_USER_PATHS = NO;
				CLANG_ANALYZER_NONNULL = YES;
				CLANG_ANALYZER_NUMBER_OBJECT_CONVERSION = YES_AGGRESSIVE;
				CLANG_CXX_LANGUAGE_STANDARD = "gnu++17";
				CLANG_CXX_LIBRARY = "libc++";
				CLANG_ENABLE_MODULES = YES;
				CLANG_ENABLE_OBJC_ARC = YES;
				CLANG_ENABLE_OBJC_WEAK = YES;
				CLANG_WARN_BLOCK_CAPTURE_AUTORELEASING = YES;
				CLANG_WARN_BOOL_CONVERSION = YES;
				CLANG_WARN_COMMA = YES;
				CLANG_WARN_CONSTANT_CONVERSION = YES;
				CLANG_WARN_DEPRECATED_OBJC_IMPLEMENTATIONS = YES;
				CLANG_WARN_DIRECT_OBJC_ISA_USAGE = YES_ERROR;
				CLANG_WARN_DOCUMENTATION_COMMENTS = YES;
				CLANG_WARN_EMPTY_BODY = YES;
				CLANG_WARN_ENUM_CONVERSION = YES;
				CLANG_WARN_INFINITE_RECURSION = YES;
				CLANG_WARN_INT_CONVERSION = YES;
				CLANG_WARN_NON_LITERAL_NULL_CONVERSION = YES;
				CLANG_WARN_OBJC_IMPLICIT_RETAIN_SELF = YES;
				CLANG_WARN_OBJC_LITERAL_CONVERSION = YES;
				CLANG_WARN_OBJC_ROOT_CLASS = YES_ERROR;
				CLANG_WARN_QUOTED_INCLUDE_IN_FRAMEWORK_HEADER = YES;
				CLANG_WARN_RANGE_LOOP_ANALYSIS = YES;
				CLANG_WARN_STRICT_PROTOTYPES = YES;
				CLANG_WARN_SUSPICIOUS_MOVE = YES;
				CLANG_WARN_UNGUARDED_AVAILABILITY = YES_AGGRESSIVE;
				CLANG_WARN_UNREACHABLE_CODE = YES;
				CLANG_WARN__DUPLICATE_METHOD_MATCH = YES;
				COPY_PHASE_STRIP = NO;
				DEBUG_INFORMATION_FORMAT = "dwarf-with-dsym";
				ENABLE_NS_ASSERTIONS = NO;
				ENABLE_STRICT_OBJC_MSGSEND = YES;
				GCC_C_LANGUAGE_STANDARD = gnu11;
				GCC_NO_COMMON_BLOCKS = YES;
				GCC_WARN_64_TO_32_BIT_CONVERSION = YES;
				GCC_WARN_ABOUT_RETURN_TYPE = YES_ERROR;
				GCC_WARN_UNDECLARED_SELECTOR = YES;
				GCC_WARN_UNINITIALIZED_AUTOS = YES_AGGRESSIVE;
				GCC_WARN_UNUSED_FUNCTION = YES;
				GCC_WARN_UNUSED_VARIABLE = YES;
				IPHONEOS_DEPLOYMENT_TARGET = 15.0;
				MTL_ENABLE_DEBUG_INFO = NO;
				MTL_FAST_MATH = YES;
				SDKROOT = iphoneos;
				SWIFT_COMPILATION_MODE = wholemodule;
				SWIFT_OPTIMIZATION_LEVEL = "-O";
				VALIDATE_PRODUCT = YES;
			};
			name = Release;
		};
		E987D11B274D4A2A00249FF1 /* Debug */ = {
			isa = XCBuildConfiguration;
			buildSettings = {
				ASSETCATALOG_COMPILER_APPICON_NAME = AppIcon;
				ASSETCATALOG_COMPILER_GLOBAL_ACCENT_COLOR_NAME = AccentColor;
				CODE_SIGN_STYLE = Automatic;
				CURRENT_PROJECT_VERSION = 1;
				GENERATE_INFOPLIST_FILE = YES;
				INFOPLIST_FILE = "Bringmyownbeer-JHStyle/Supporting Files/Info.plist";
				INFOPLIST_KEY_UIApplicationSupportsIndirectInputEvents = YES;
				INFOPLIST_KEY_UILaunchStoryboardName = LaunchScreen;
				INFOPLIST_KEY_UIMainStoryboardFile = Main;
				INFOPLIST_KEY_UISupportedInterfaceOrientations_iPad = "UIInterfaceOrientationPortrait UIInterfaceOrientationPortraitUpsideDown UIInterfaceOrientationLandscapeLeft UIInterfaceOrientationLandscapeRight";
				INFOPLIST_KEY_UISupportedInterfaceOrientations_iPhone = "UIInterfaceOrientationPortrait UIInterfaceOrientationLandscapeLeft UIInterfaceOrientationLandscapeRight";
				LD_RUNPATH_SEARCH_PATHS = (
					"$(inherited)",
					"@executable_path/Frameworks",
				);
				MARKETING_VERSION = 1.0;
				PRODUCT_BUNDLE_IDENTIFIER = "jeehge.study.beer.Bringmyownbeer-JHStyle";
				PRODUCT_NAME = "$(TARGET_NAME)";
				SWIFT_EMIT_LOC_STRINGS = YES;
				SWIFT_VERSION = 5.0;
				TARGETED_DEVICE_FAMILY = "1,2";
			};
			name = Debug;
		};
		E987D11C274D4A2A00249FF1 /* Release */ = {
			isa = XCBuildConfiguration;
			buildSettings = {
				ASSETCATALOG_COMPILER_APPICON_NAME = AppIcon;
				ASSETCATALOG_COMPILER_GLOBAL_ACCENT_COLOR_NAME = AccentColor;
				CODE_SIGN_STYLE = Automatic;
				CURRENT_PROJECT_VERSION = 1;
				GENERATE_INFOPLIST_FILE = YES;
				INFOPLIST_FILE = "Bringmyownbeer-JHStyle/Supporting Files/Info.plist";
				INFOPLIST_KEY_UIApplicationSupportsIndirectInputEvents = YES;
				INFOPLIST_KEY_UILaunchStoryboardName = LaunchScreen;
				INFOPLIST_KEY_UIMainStoryboardFile = Main;
				INFOPLIST_KEY_UISupportedInterfaceOrientations_iPad = "UIInterfaceOrientationPortrait UIInterfaceOrientationPortraitUpsideDown UIInterfaceOrientationLandscapeLeft UIInterfaceOrientationLandscapeRight";
				INFOPLIST_KEY_UISupportedInterfaceOrientations_iPhone = "UIInterfaceOrientationPortrait UIInterfaceOrientationLandscapeLeft UIInterfaceOrientationLandscapeRight";
				LD_RUNPATH_SEARCH_PATHS = (
					"$(inherited)",
					"@executable_path/Frameworks",
				);
				MARKETING_VERSION = 1.0;
				PRODUCT_BUNDLE_IDENTIFIER = "jeehge.study.beer.Bringmyownbeer-JHStyle";
				PRODUCT_NAME = "$(TARGET_NAME)";
				SWIFT_EMIT_LOC_STRINGS = YES;
				SWIFT_VERSION = 5.0;
				TARGETED_DEVICE_FAMILY = "1,2";
			};
			name = Release;
		};
		E987D11E274D4A2A00249FF1 /* Debug */ = {
			isa = XCBuildConfiguration;
			buildSettings = {
				ALWAYS_EMBED_SWIFT_STANDARD_LIBRARIES = YES;
				BUNDLE_LOADER = "$(TEST_HOST)";
				CODE_SIGN_STYLE = Automatic;
				CURRENT_PROJECT_VERSION = 1;
				GENERATE_INFOPLIST_FILE = YES;
				IPHONEOS_DEPLOYMENT_TARGET = 15.0;
				LD_RUNPATH_SEARCH_PATHS = (
					"$(inherited)",
					"@executable_path/Frameworks",
					"@loader_path/Frameworks",
				);
				MARKETING_VERSION = 1.0;
				PRODUCT_BUNDLE_IDENTIFIER = "jeehge.study.beer.Bringmyownbeer-JHStyleTests";
				PRODUCT_NAME = "$(TARGET_NAME)";
				SWIFT_EMIT_LOC_STRINGS = NO;
				SWIFT_VERSION = 5.0;
				TARGETED_DEVICE_FAMILY = "1,2";
				TEST_HOST = "$(BUILT_PRODUCTS_DIR)/Bringmyownbeer-JHStyle.app/Bringmyownbeer-JHStyle";
			};
			name = Debug;
		};
		E987D11F274D4A2A00249FF1 /* Release */ = {
			isa = XCBuildConfiguration;
			buildSettings = {
				ALWAYS_EMBED_SWIFT_STANDARD_LIBRARIES = YES;
				BUNDLE_LOADER = "$(TEST_HOST)";
				CODE_SIGN_STYLE = Automatic;
				CURRENT_PROJECT_VERSION = 1;
				GENERATE_INFOPLIST_FILE = YES;
				IPHONEOS_DEPLOYMENT_TARGET = 15.0;
				LD_RUNPATH_SEARCH_PATHS = (
					"$(inherited)",
					"@executable_path/Frameworks",
					"@loader_path/Frameworks",
				);
				MARKETING_VERSION = 1.0;
				PRODUCT_BUNDLE_IDENTIFIER = "jeehge.study.beer.Bringmyownbeer-JHStyleTests";
				PRODUCT_NAME = "$(TARGET_NAME)";
				SWIFT_EMIT_LOC_STRINGS = NO;
				SWIFT_VERSION = 5.0;
				TARGETED_DEVICE_FAMILY = "1,2";
				TEST_HOST = "$(BUILT_PRODUCTS_DIR)/Bringmyownbeer-JHStyle.app/Bringmyownbeer-JHStyle";
			};
			name = Release;
		};
		E987D121274D4A2A00249FF1 /* Debug */ = {
			isa = XCBuildConfiguration;
			buildSettings = {
				ALWAYS_EMBED_SWIFT_STANDARD_LIBRARIES = YES;
				CODE_SIGN_STYLE = Automatic;
				CURRENT_PROJECT_VERSION = 1;
				GENERATE_INFOPLIST_FILE = YES;
				LD_RUNPATH_SEARCH_PATHS = (
					"$(inherited)",
					"@executable_path/Frameworks",
					"@loader_path/Frameworks",
				);
				MARKETING_VERSION = 1.0;
				PRODUCT_BUNDLE_IDENTIFIER = "jeehge.study.beer.Bringmyownbeer-JHStyleUITests";
				PRODUCT_NAME = "$(TARGET_NAME)";
				SWIFT_EMIT_LOC_STRINGS = NO;
				SWIFT_VERSION = 5.0;
				TARGETED_DEVICE_FAMILY = "1,2";
				TEST_TARGET_NAME = "Bringmyownbeer-JHStyle";
			};
			name = Debug;
		};
		E987D122274D4A2A00249FF1 /* Release */ = {
			isa = XCBuildConfiguration;
			buildSettings = {
				ALWAYS_EMBED_SWIFT_STANDARD_LIBRARIES = YES;
				CODE_SIGN_STYLE = Automatic;
				CURRENT_PROJECT_VERSION = 1;
				GENERATE_INFOPLIST_FILE = YES;
				LD_RUNPATH_SEARCH_PATHS = (
					"$(inherited)",
					"@executable_path/Frameworks",
					"@loader_path/Frameworks",
				);
				MARKETING_VERSION = 1.0;
				PRODUCT_BUNDLE_IDENTIFIER = "jeehge.study.beer.Bringmyownbeer-JHStyleUITests";
				PRODUCT_NAME = "$(TARGET_NAME)";
				SWIFT_EMIT_LOC_STRINGS = NO;
				SWIFT_VERSION = 5.0;
				TARGETED_DEVICE_FAMILY = "1,2";
				TEST_TARGET_NAME = "Bringmyownbeer-JHStyle";
			};
			name = Release;
		};
/* End XCBuildConfiguration section */

/* Begin XCConfigurationList section */
		E987D0EB274D4A2900249FF1 /* Build configuration list for PBXProject "Bringmyownbeer-JHStyle" */ = {
			isa = XCConfigurationList;
			buildConfigurations = (
				E987D118274D4A2A00249FF1 /* Debug */,
				E987D119274D4A2A00249FF1 /* Release */,
			);
			defaultConfigurationIsVisible = 0;
			defaultConfigurationName = Release;
		};
		E987D11A274D4A2A00249FF1 /* Build configuration list for PBXNativeTarget "Bringmyownbeer-JHStyle" */ = {
			isa = XCConfigurationList;
			buildConfigurations = (
				E987D11B274D4A2A00249FF1 /* Debug */,
				E987D11C274D4A2A00249FF1 /* Release */,
			);
			defaultConfigurationIsVisible = 0;
			defaultConfigurationName = Release;
		};
		E987D11D274D4A2A00249FF1 /* Build configuration list for PBXNativeTarget "Bringmyownbeer-JHStyleTests" */ = {
			isa = XCConfigurationList;
			buildConfigurations = (
				E987D11E274D4A2A00249FF1 /* Debug */,
				E987D11F274D4A2A00249FF1 /* Release */,
			);
			defaultConfigurationIsVisible = 0;
			defaultConfigurationName = Release;
		};
		E987D120274D4A2A00249FF1 /* Build configuration list for PBXNativeTarget "Bringmyownbeer-JHStyleUITests" */ = {
			isa = XCConfigurationList;
			buildConfigurations = (
				E987D121274D4A2A00249FF1 /* Debug */,
				E987D122274D4A2A00249FF1 /* Release */,
			);
			defaultConfigurationIsVisible = 0;
			defaultConfigurationName = Release;
		};
/* End XCConfigurationList section */
	};
	rootObject = E987D0E8274D4A2900249FF1 /* Project object */;
}
